// !$*UTF8*$!
{
	archiveVersion = 1;
	classes = {
	};
	objectVersion = 56;
	objects = {

/* Begin PBXBuildFile section */
		016FB5DA2A8BC5D900CEF492 /* SwiftConcurrencyLearningApp.swift in Sources */ = {isa = PBXBuildFile; fileRef = 016FB5D92A8BC5D900CEF492 /* SwiftConcurrencyLearningApp.swift */; };
		016FB5DC2A8BC5D900CEF492 /* ContentView.swift in Sources */ = {isa = PBXBuildFile; fileRef = 016FB5DB2A8BC5D900CEF492 /* ContentView.swift */; };
		016FB5DE2A8BC5DA00CEF492 /* Assets.xcassets in Resources */ = {isa = PBXBuildFile; fileRef = 016FB5DD2A8BC5DA00CEF492 /* Assets.xcassets */; };
		016FB5E12A8BC5DA00CEF492 /* Preview Assets.xcassets in Resources */ = {isa = PBXBuildFile; fileRef = 016FB5E02A8BC5DA00CEF492 /* Preview Assets.xcassets */; };
		016FB5E82A8BC7E400CEF492 /* DoCatchTryThrowsBootcamp.swift in Sources */ = {isa = PBXBuildFile; fileRef = 016FB5E72A8BC7E400CEF492 /* DoCatchTryThrowsBootcamp.swift */; };
		016FB5EA2A8C839300CEF492 /* DownloadImageAsync.swift in Sources */ = {isa = PBXBuildFile; fileRef = 016FB5E92A8C839300CEF492 /* DownloadImageAsync.swift */; };
		017D17A92A90E832003FAEFB /* DownloadImageAsyncViewModel.swift in Sources */ = {isa = PBXBuildFile; fileRef = 017D17A82A90E832003FAEFB /* DownloadImageAsyncViewModel.swift */; };
		017D17AC2A91A649003FAEFB /* AsyncAwaitBootcamp.swift in Sources */ = {isa = PBXBuildFile; fileRef = 017D17AB2A91A649003FAEFB /* AsyncAwaitBootcamp.swift */; };
		017D17AE2A91A696003FAEFB /* AsyncAwaitBootcampViewModel.swift in Sources */ = {isa = PBXBuildFile; fileRef = 017D17AD2A91A696003FAEFB /* AsyncAwaitBootcampViewModel.swift */; };
		017D17B12A91ABB8003FAEFB /* TaskBootcamp.swift in Sources */ = {isa = PBXBuildFile; fileRef = 017D17B02A91ABB8003FAEFB /* TaskBootcamp.swift */; };
/* End PBXBuildFile section */

/* Begin PBXFileReference section */
		016FB5D62A8BC5D900CEF492 /* SwiftConcurrencyLearning.app */ = {isa = PBXFileReference; explicitFileType = wrapper.application; includeInIndex = 0; path = SwiftConcurrencyLearning.app; sourceTree = BUILT_PRODUCTS_DIR; };
		016FB5D92A8BC5D900CEF492 /* SwiftConcurrencyLearningApp.swift */ = {isa = PBXFileReference; lastKnownFileType = sourcecode.swift; path = SwiftConcurrencyLearningApp.swift; sourceTree = "<group>"; };
		016FB5DB2A8BC5D900CEF492 /* ContentView.swift */ = {isa = PBXFileReference; lastKnownFileType = sourcecode.swift; path = ContentView.swift; sourceTree = "<group>"; };
		016FB5DD2A8BC5DA00CEF492 /* Assets.xcassets */ = {isa = PBXFileReference; lastKnownFileType = folder.assetcatalog; path = Assets.xcassets; sourceTree = "<group>"; };
		016FB5E02A8BC5DA00CEF492 /* Preview Assets.xcassets */ = {isa = PBXFileReference; lastKnownFileType = folder.assetcatalog; path = "Preview Assets.xcassets"; sourceTree = "<group>"; };
		016FB5E72A8BC7E400CEF492 /* DoCatchTryThrowsBootcamp.swift */ = {isa = PBXFileReference; lastKnownFileType = sourcecode.swift; path = DoCatchTryThrowsBootcamp.swift; sourceTree = "<group>"; };
		016FB5E92A8C839300CEF492 /* DownloadImageAsync.swift */ = {isa = PBXFileReference; lastKnownFileType = sourcecode.swift; path = DownloadImageAsync.swift; sourceTree = "<group>"; };
		017D17A82A90E832003FAEFB /* DownloadImageAsyncViewModel.swift */ = {isa = PBXFileReference; lastKnownFileType = sourcecode.swift; path = DownloadImageAsyncViewModel.swift; sourceTree = "<group>"; };
		017D17AB2A91A649003FAEFB /* AsyncAwaitBootcamp.swift */ = {isa = PBXFileReference; lastKnownFileType = sourcecode.swift; path = AsyncAwaitBootcamp.swift; sourceTree = "<group>"; };
		017D17AD2A91A696003FAEFB /* AsyncAwaitBootcampViewModel.swift */ = {isa = PBXFileReference; lastKnownFileType = sourcecode.swift; path = AsyncAwaitBootcampViewModel.swift; sourceTree = "<group>"; };
		017D17B02A91ABB8003FAEFB /* TaskBootcamp.swift */ = {isa = PBXFileReference; lastKnownFileType = sourcecode.swift; path = TaskBootcamp.swift; sourceTree = "<group>"; };
/* End PBXFileReference section */

/* Begin PBXFrameworksBuildPhase section */
		016FB5D32A8BC5D900CEF492 /* Frameworks */ = {
			isa = PBXFrameworksBuildPhase;
			buildActionMask = 2147483647;
			files = (
			);
			runOnlyForDeploymentPostprocessing = 0;
		};
/* End PBXFrameworksBuildPhase section */

/* Begin PBXGroup section */
		016FB5CD2A8BC5D900CEF492 = {
			isa = PBXGroup;
			children = (
				016FB5D82A8BC5D900CEF492 /* SwiftConcurrencyLearning */,
				016FB5D72A8BC5D900CEF492 /* Products */,
			);
			sourceTree = "<group>";
		};
		016FB5D72A8BC5D900CEF492 /* Products */ = {
			isa = PBXGroup;
			children = (
				016FB5D62A8BC5D900CEF492 /* SwiftConcurrencyLearning.app */,
			);
			name = Products;
			sourceTree = "<group>";
		};
		016FB5D82A8BC5D900CEF492 /* SwiftConcurrencyLearning */ = {
			isa = PBXGroup;
			children = (
				017D17AF2A91ABA6003FAEFB /* Task */,
				017D17AA2A91A62E003FAEFB /* AsyncAwait */,
				017D17A72A90C40E003FAEFB /* DownloadImage */,
				016FB5D92A8BC5D900CEF492 /* SwiftConcurrencyLearningApp.swift */,
				016FB5DB2A8BC5D900CEF492 /* ContentView.swift */,
				016FB5DD2A8BC5DA00CEF492 /* Assets.xcassets */,
				016FB5DF2A8BC5DA00CEF492 /* Preview Content */,
				016FB5E72A8BC7E400CEF492 /* DoCatchTryThrowsBootcamp.swift */,
			);
			path = SwiftConcurrencyLearning;
			sourceTree = "<group>";
		};
		016FB5DF2A8BC5DA00CEF492 /* Preview Content */ = {
			isa = PBXGroup;
			children = (
				016FB5E02A8BC5DA00CEF492 /* Preview Assets.xcassets */,
			);
			path = "Preview Content";
			sourceTree = "<group>";
		};
		017D17A72A90C40E003FAEFB /* DownloadImage */ = {
			isa = PBXGroup;
			children = (
				016FB5E92A8C839300CEF492 /* DownloadImageAsync.swift */,
				017D17A82A90E832003FAEFB /* DownloadImageAsyncViewModel.swift */,
			);
			path = DownloadImage;
			sourceTree = "<group>";
		};
		017D17AA2A91A62E003FAEFB /* AsyncAwait */ = {
			isa = PBXGroup;
			children = (
				017D17AB2A91A649003FAEFB /* AsyncAwaitBootcamp.swift */,
				017D17AD2A91A696003FAEFB /* AsyncAwaitBootcampViewModel.swift */,
			);
			path = AsyncAwait;
			sourceTree = "<group>";
		};
		017D17AF2A91ABA6003FAEFB /* Task */ = {
			isa = PBXGroup;
			children = (
				017D17B02A91ABB8003FAEFB /* TaskBootcamp.swift */,
			);
			path = Task;
			sourceTree = "<group>";
		};
/* End PBXGroup section */

/* Begin PBXNativeTarget section */
		016FB5D52A8BC5D900CEF492 /* SwiftConcurrencyLearning */ = {
			isa = PBXNativeTarget;
			buildConfigurationList = 016FB5E42A8BC5DA00CEF492 /* Build configuration list for PBXNativeTarget "SwiftConcurrencyLearning" */;
			buildPhases = (
				016FB5D22A8BC5D900CEF492 /* Sources */,
				016FB5D32A8BC5D900CEF492 /* Frameworks */,
				016FB5D42A8BC5D900CEF492 /* Resources */,
			);
			buildRules = (
			);
			dependencies = (
			);
			name = SwiftConcurrencyLearning;
			productName = SwiftConcurrencyLearning;
			productReference = 016FB5D62A8BC5D900CEF492 /* SwiftConcurrencyLearning.app */;
			productType = "com.apple.product-type.application";
		};
/* End PBXNativeTarget section */

/* Begin PBXProject section */
		016FB5CE2A8BC5D900CEF492 /* Project object */ = {
			isa = PBXProject;
			attributes = {
				BuildIndependentTargetsInParallel = 1;
				LastSwiftUpdateCheck = 1410;
				LastUpgradeCheck = 1410;
				TargetAttributes = {
					016FB5D52A8BC5D900CEF492 = {
						CreatedOnToolsVersion = 14.1;
					};
				};
			};
			buildConfigurationList = 016FB5D12A8BC5D900CEF492 /* Build configuration list for PBXProject "SwiftConcurrencyLearning" */;
			compatibilityVersion = "Xcode 14.0";
			developmentRegion = en;
			hasScannedForEncodings = 0;
			knownRegions = (
				en,
				Base,
			);
			mainGroup = 016FB5CD2A8BC5D900CEF492;
			productRefGroup = 016FB5D72A8BC5D900CEF492 /* Products */;
			projectDirPath = "";
			projectRoot = "";
			targets = (
				016FB5D52A8BC5D900CEF492 /* SwiftConcurrencyLearning */,
			);
		};
/* End PBXProject section */

/* Begin PBXResourcesBuildPhase section */
		016FB5D42A8BC5D900CEF492 /* Resources */ = {
			isa = PBXResourcesBuildPhase;
			buildActionMask = 2147483647;
			files = (
				016FB5E12A8BC5DA00CEF492 /* Preview Assets.xcassets in Resources */,
				016FB5DE2A8BC5DA00CEF492 /* Assets.xcassets in Resources */,
			);
			runOnlyForDeploymentPostprocessing = 0;
		};
/* End PBXResourcesBuildPhase section */

/* Begin PBXSourcesBuildPhase section */
		016FB5D22A8BC5D900CEF492 /* Sources */ = {
			isa = PBXSourcesBuildPhase;
			buildActionMask = 2147483647;
			files = (
				016FB5EA2A8C839300CEF492 /* DownloadImageAsync.swift in Sources */,
				016FB5E82A8BC7E400CEF492 /* DoCatchTryThrowsBootcamp.swift in Sources */,
				017D17AE2A91A696003FAEFB /* AsyncAwaitBootcampViewModel.swift in Sources */,
				017D17AC2A91A649003FAEFB /* AsyncAwaitBootcamp.swift in Sources */,
				016FB5DC2A8BC5D900CEF492 /* ContentView.swift in Sources */,
				017D17B12A91ABB8003FAEFB /* TaskBootcamp.swift in Sources */,
				017D17A92A90E832003FAEFB /* DownloadImageAsyncViewModel.swift in Sources */,
				016FB5DA2A8BC5D900CEF492 /* SwiftConcurrencyLearningApp.swift in Sources */,
			);
			runOnlyForDeploymentPostprocessing = 0;
		};
/* End PBXSourcesBuildPhase section */

/* Begin XCBuildConfiguration section */
		016FB5E22A8BC5DA00CEF492 /* Debug */ = {
			isa = XCBuildConfiguration;
			buildSettings = {
				ALWAYS_SEARCH_USER_PATHS = NO;
				CLANG_ANALYZER_NONNULL = YES;
				CLANG_ANALYZER_NUMBER_OBJECT_CONVERSION = YES_AGGRESSIVE;
				CLANG_CXX_LANGUAGE_STANDARD = "gnu++20";
				CLANG_ENABLE_MODULES = YES;
				CLANG_ENABLE_OBJC_ARC = YES;
				CLANG_ENABLE_OBJC_WEAK = YES;
				CLANG_WARN_BLOCK_CAPTURE_AUTORELEASING = YES;
				CLANG_WARN_BOOL_CONVERSION = YES;
				CLANG_WARN_COMMA = YES;
				CLANG_WARN_CONSTANT_CONVERSION = YES;
				CLANG_WARN_DEPRECATED_OBJC_IMPLEMENTATIONS = YES;
				CLANG_WARN_DIRECT_OBJC_ISA_USAGE = YES_ERROR;
				CLANG_WARN_DOCUMENTATION_COMMENTS = YES;
				CLANG_WARN_EMPTY_BODY = YES;
				CLANG_WARN_ENUM_CONVERSION = YES;
				CLANG_WARN_INFINITE_RECURSION = YES;
				CLANG_WARN_INT_CONVERSION = YES;
				CLANG_WARN_NON_LITERAL_NULL_CONVERSION = YES;
				CLANG_WARN_OBJC_IMPLICIT_RETAIN_SELF = YES;
				CLANG_WARN_OBJC_LITERAL_CONVERSION = YES;
				CLANG_WARN_OBJC_ROOT_CLASS = YES_ERROR;
				CLANG_WARN_QUOTED_INCLUDE_IN_FRAMEWORK_HEADER = YES;
				CLANG_WARN_RANGE_LOOP_ANALYSIS = YES;
				CLANG_WARN_STRICT_PROTOTYPES = YES;
				CLANG_WARN_SUSPICIOUS_MOVE = YES;
				CLANG_WARN_UNGUARDED_AVAILABILITY = YES_AGGRESSIVE;
				CLANG_WARN_UNREACHABLE_CODE = YES;
				CLANG_WARN__DUPLICATE_METHOD_MATCH = YES;
				COPY_PHASE_STRIP = NO;
				DEBUG_INFORMATION_FORMAT = dwarf;
				ENABLE_STRICT_OBJC_MSGSEND = YES;
				ENABLE_TESTABILITY = YES;
				GCC_C_LANGUAGE_STANDARD = gnu11;
				GCC_DYNAMIC_NO_PIC = NO;
				GCC_NO_COMMON_BLOCKS = YES;
				GCC_OPTIMIZATION_LEVEL = 0;
				GCC_PREPROCESSOR_DEFINITIONS = (
					"DEBUG=1",
					"$(inherited)",
				);
				GCC_WARN_64_TO_32_BIT_CONVERSION = YES;
				GCC_WARN_ABOUT_RETURN_TYPE = YES_ERROR;
				GCC_WARN_UNDECLARED_SELECTOR = YES;
				GCC_WARN_UNINITIALIZED_AUTOS = YES_AGGRESSIVE;
				GCC_WARN_UNUSED_FUNCTION = YES;
				GCC_WARN_UNUSED_VARIABLE = YES;
				IPHONEOS_DEPLOYMENT_TARGET = 16.1;
				MTL_ENABLE_DEBUG_INFO = INCLUDE_SOURCE;
				MTL_FAST_MATH = YES;
				ONLY_ACTIVE_ARCH = YES;
				SDKROOT = iphoneos;
				SWIFT_ACTIVE_COMPILATION_CONDITIONS = DEBUG;
				SWIFT_OPTIMIZATION_LEVEL = "-Onone";
			};
			name = Debug;
		};
		016FB5E32A8BC5DA00CEF492 /* Release */ = {
			isa = XCBuildConfiguration;
			buildSettings = {
				ALWAYS_SEARCH_USER_PATHS = NO;
				CLANG_ANALYZER_NONNULL = YES;
				CLANG_ANALYZER_NUMBER_OBJECT_CONVERSION = YES_AGGRESSIVE;
				CLANG_CXX_LANGUAGE_STANDARD = "gnu++20";
				CLANG_ENABLE_MODULES = YES;
				CLANG_ENABLE_OBJC_ARC = YES;
				CLANG_ENABLE_OBJC_WEAK = YES;
				CLANG_WARN_BLOCK_CAPTURE_AUTORELEASING = YES;
				CLANG_WARN_BOOL_CONVERSION = YES;
				CLANG_WARN_COMMA = YES;
				CLANG_WARN_CONSTANT_CONVERSION = YES;
				CLANG_WARN_DEPRECATED_OBJC_IMPLEMENTATIONS = YES;
				CLANG_WARN_DIRECT_OBJC_ISA_USAGE = YES_ERROR;
				CLANG_WARN_DOCUMENTATION_COMMENTS = YES;
				CLANG_WARN_EMPTY_BODY = YES;
				CLANG_WARN_ENUM_CONVERSION = YES;
				CLANG_WARN_INFINITE_RECURSION = YES;
				CLANG_WARN_INT_CONVERSION = YES;
				CLANG_WARN_NON_LITERAL_NULL_CONVERSION = YES;
				CLANG_WARN_OBJC_IMPLICIT_RETAIN_SELF = YES;
				CLANG_WARN_OBJC_LITERAL_CONVERSION = YES;
				CLANG_WARN_OBJC_ROOT_CLASS = YES_ERROR;
				CLANG_WARN_QUOTED_INCLUDE_IN_FRAMEWORK_HEADER = YES;
				CLANG_WARN_RANGE_LOOP_ANALYSIS = YES;
				CLANG_WARN_STRICT_PROTOTYPES = YES;
				CLANG_WARN_SUSPICIOUS_MOVE = YES;
				CLANG_WARN_UNGUARDED_AVAILABILITY = YES_AGGRESSIVE;
				CLANG_WARN_UNREACHABLE_CODE = YES;
				CLANG_WARN__DUPLICATE_METHOD_MATCH = YES;
				COPY_PHASE_STRIP = NO;
				DEBUG_INFORMATION_FORMAT = "dwarf-with-dsym";
				ENABLE_NS_ASSERTIONS = NO;
				ENABLE_STRICT_OBJC_MSGSEND = YES;
				GCC_C_LANGUAGE_STANDARD = gnu11;
				GCC_NO_COMMON_BLOCKS = YES;
				GCC_WARN_64_TO_32_BIT_CONVERSION = YES;
				GCC_WARN_ABOUT_RETURN_TYPE = YES_ERROR;
				GCC_WARN_UNDECLARED_SELECTOR = YES;
				GCC_WARN_UNINITIALIZED_AUTOS = YES_AGGRESSIVE;
				GCC_WARN_UNUSED_FUNCTION = YES;
				GCC_WARN_UNUSED_VARIABLE = YES;
				IPHONEOS_DEPLOYMENT_TARGET = 16.1;
				MTL_ENABLE_DEBUG_INFO = NO;
				MTL_FAST_MATH = YES;
				SDKROOT = iphoneos;
				SWIFT_COMPILATION_MODE = wholemodule;
				SWIFT_OPTIMIZATION_LEVEL = "-O";
				VALIDATE_PRODUCT = YES;
			};
			name = Release;
		};
		016FB5E52A8BC5DA00CEF492 /* Debug */ = {
			isa = XCBuildConfiguration;
			buildSettings = {
				ASSETCATALOG_COMPILER_APPICON_NAME = AppIcon;
				ASSETCATALOG_COMPILER_GLOBAL_ACCENT_COLOR_NAME = AccentColor;
				CODE_SIGN_STYLE = Automatic;
				CURRENT_PROJECT_VERSION = 1;
				DEVELOPMENT_ASSET_PATHS = "\"SwiftConcurrencyLearning/Preview Content\"";
				ENABLE_PREVIEWS = YES;
				GENERATE_INFOPLIST_FILE = YES;
				INFOPLIST_KEY_UIApplicationSceneManifest_Generation = YES;
				INFOPLIST_KEY_UIApplicationSupportsIndirectInputEvents = YES;
				INFOPLIST_KEY_UILaunchScreen_Generation = YES;
				INFOPLIST_KEY_UISupportedInterfaceOrientations_iPad = "UIInterfaceOrientationPortrait UIInterfaceOrientationPortraitUpsideDown UIInterfaceOrientationLandscapeLeft UIInterfaceOrientationLandscapeRight";
				INFOPLIST_KEY_UISupportedInterfaceOrientations_iPhone = "UIInterfaceOrientationPortrait UIInterfaceOrientationLandscapeLeft UIInterfaceOrientationLandscapeRight";
				LD_RUNPATH_SEARCH_PATHS = (
					"$(inherited)",
					"@executable_path/Frameworks",
				);
				MARKETING_VERSION = 1.0;
				PRODUCT_BUNDLE_IDENTIFIER = com.trungnt.SwiftConcurrencyLearning;
				PRODUCT_NAME = "$(TARGET_NAME)";
				SWIFT_EMIT_LOC_STRINGS = YES;
				SWIFT_VERSION = 5.0;
				TARGETED_DEVICE_FAMILY = "1,2";
			};
			name = Debug;
		};
		016FB5E62A8BC5DA00CEF492 /* Release */ = {
			isa = XCBuildConfiguration;
			buildSettings = {
				ASSETCATALOG_COMPILER_APPICON_NAME = AppIcon;
				ASSETCATALOG_COMPILER_GLOBAL_ACCENT_COLOR_NAME = AccentColor;
				CODE_SIGN_STYLE = Automatic;
				CURRENT_PROJECT_VERSION = 1;
				DEVELOPMENT_ASSET_PATHS = "\"SwiftConcurrencyLearning/Preview Content\"";
				ENABLE_PREVIEWS = YES;
				GENERATE_INFOPLIST_FILE = YES;
				INFOPLIST_KEY_UIApplicationSceneManifest_Generation = YES;
				INFOPLIST_KEY_UIApplicationSupportsIndirectInputEvents = YES;
				INFOPLIST_KEY_UILaunchScreen_Generation = YES;
				INFOPLIST_KEY_UISupportedInterfaceOrientations_iPad = "UIInterfaceOrientationPortrait UIInterfaceOrientationPortraitUpsideDown UIInterfaceOrientationLandscapeLeft UIInterfaceOrientationLandscapeRight";
				INFOPLIST_KEY_UISupportedInterfaceOrientations_iPhone = "UIInterfaceOrientationPortrait UIInterfaceOrientationLandscapeLeft UIInterfaceOrientationLandscapeRight";
				LD_RUNPATH_SEARCH_PATHS = (
					"$(inherited)",
					"@executable_path/Frameworks",
				);
				MARKETING_VERSION = 1.0;
				PRODUCT_BUNDLE_IDENTIFIER = com.trungnt.SwiftConcurrencyLearning;
				PRODUCT_NAME = "$(TARGET_NAME)";
				SWIFT_EMIT_LOC_STRINGS = YES;
				SWIFT_VERSION = 5.0;
				TARGETED_DEVICE_FAMILY = "1,2";
			};
			name = Release;
		};
/* End XCBuildConfiguration section */

/* Begin XCConfigurationList section */
		016FB5D12A8BC5D900CEF492 /* Build configuration list for PBXProject "SwiftConcurrencyLearning" */ = {
			isa = XCConfigurationList;
			buildConfigurations = (
				016FB5E22A8BC5DA00CEF492 /* Debug */,
				016FB5E32A8BC5DA00CEF492 /* Release */,
			);
			defaultConfigurationIsVisible = 0;
			defaultConfigurationName = Release;
		};
		016FB5E42A8BC5DA00CEF492 /* Build configuration list for PBXNativeTarget "SwiftConcurrencyLearning" */ = {
			isa = XCConfigurationList;
			buildConfigurations = (
				016FB5E52A8BC5DA00CEF492 /* Debug */,
				016FB5E62A8BC5DA00CEF492 /* Release */,
			);
			defaultConfigurationIsVisible = 0;
			defaultConfigurationName = Release;
		};
/* End XCConfigurationList section */
	};
	rootObject = 016FB5CE2A8BC5D900CEF492 /* Project object */;
}
